
Microsoft Visual Studio Solution File, Format Version 12.00
# Visual Studio Version 17
VisualStudioVersion = 17.9.34714.143
MinimumVisualStudioVersion = 10.0.40219.1
Project("{FAE04EC0-301F-11D3-BF4B-00C04F79EFBC}") = "Register-LoginSystem", "Register-LoginSystem\Register-LoginSystem.csproj", "{FB2BDD4A-4F85-4DAF-8576-3F623F05B59B}"
EndProject
Global
	GlobalSection(SolutionConfigurationPlatforms) = preSolution
		Debug|Any CPU = Debug|Any CPU
		Release|Any CPU = Release|Any CPU
	EndGlobalSection
	GlobalSection(ProjectConfigurationPlatforms) = postSolution
		{FB2BDD4A-4F85-4DAF-8576-3F623F05B59B}.Debug|Any CPU.ActiveCfg = Debug|Any CPU
		{FB2BDD4A-4F85-4DAF-8576-3F623F05B59B}.Debug|Any CPU.Build.0 = Debug|Any CPU
		{FB2BDD4A-4F85-4DAF-8576-3F623F05B59B}.Release|Any CPU.ActiveCfg = Release|Any CPU
		{FB2BDD4A-4F85-4DAF-8576-3F623F05B59B}.Release|Any CPU.Build.0 = Release|Any CPU
	EndGlobalSection
	GlobalSection(SolutionProperties) = preSolution
		HideSolutionNode = FALSE
	EndGlobalSection
	GlobalSection(ExtensibilityGlobals) = postSolution
		SolutionGuid = {57BF0130-2BE0-4B60-83F6-5BEEA7E7CAEE}
	EndGlobalSection
EndGlobal
